
Microsoft Visual Studio Solution File, Format Version 12.00
# Visual Studio 15
VisualStudioVersion = 15.0.28010.2026
MinimumVisualStudioVersion = 10.0.40219.1
Project("{FAE04EC0-301F-11D3-BF4B-00C04F79EFBC}") = "Matrix", "Matrix\Matrix.csproj", "{547182A9-DE15-4DBD-A3CF-CE8B1B16888F}"
EndProject
Global
	GlobalSection(SolutionConfigurationPlatforms) = preSolution
		Debug|Any CPU = Debug|Any CPU
		Release|Any CPU = Release|Any CPU
	EndGlobalSection
	GlobalSection(ProjectConfigurationPlatforms) = postSolution
		{547182A9-DE15-4DBD-A3CF-CE8B1B16888F}.Debug|Any CPU.ActiveCfg = Debug|Any CPU
		{547182A9-DE15-4DBD-A3CF-CE8B1B16888F}.Debug|Any CPU.Build.0 = Debug|Any CPU
		{547182A9-DE15-4DBD-A3CF-CE8B1B16888F}.Release|Any CPU.ActiveCfg = Release|Any CPU
		{547182A9-DE15-4DBD-A3CF-CE8B1B16888F}.Release|Any CPU.Build.0 = Release|Any CPU
	EndGlobalSection
	GlobalSection(SolutionProperties) = preSolution
		HideSolutionNode = FALSE
	EndGlobalSection
	GlobalSection(ExtensibilityGlobals) = postSolution
		SolutionGuid = {60E120CA-5D59-48B9-8DF9-D46715816469}
	EndGlobalSection
EndGlobal
